// !$*UTF8*$!
{
	archiveVersion = 1;
	classes = {
	};
	objectVersion = 56;
	objects = {

/* Begin PBXBuildFile section */
		DF1E0D342AD0720C0074133C /* passage_ios_uitest_appApp.swift in Sources */ = {isa = PBXBuildFile; fileRef = DF1E0D332AD0720C0074133C /* passage_ios_uitest_appApp.swift */; };
		DF1E0D362AD0720C0074133C /* ContentView.swift in Sources */ = {isa = PBXBuildFile; fileRef = DF1E0D352AD0720C0074133C /* ContentView.swift */; };
		DF1E0D382AD0720D0074133C /* Assets.xcassets in Resources */ = {isa = PBXBuildFile; fileRef = DF1E0D372AD0720D0074133C /* Assets.xcassets */; };
		DF1E0D3C2AD0720D0074133C /* Preview Assets.xcassets in Resources */ = {isa = PBXBuildFile; fileRef = DF1E0D3B2AD0720D0074133C /* Preview Assets.xcassets */; };
		DF771AAC2AD0789700AF810B /* Constants.swift in Sources */ = {isa = PBXBuildFile; fileRef = DF771AAB2AD0789700AF810B /* Constants.swift */; };
		DF771AB72AD0A60000AF810B /* passage_ios_uitest_appUITests.swift in Sources */ = {isa = PBXBuildFile; fileRef = DF771AB62AD0A60000AF810B /* passage_ios_uitest_appUITests.swift */; };
		DFC295CC2AD0A7840074733A /* Constants.swift in Sources */ = {isa = PBXBuildFile; fileRef = DF771AAB2AD0789700AF810B /* Constants.swift */; };
		DFC295CD2AD0A8420074733A /* Helpers.swift in Sources */ = {isa = PBXBuildFile; fileRef = DF771AAD2AD0797C00AF810B /* Helpers.swift */; };
		DFC295D12AD0AB3E0074733A /* Biometrics.m in Sources */ = {isa = PBXBuildFile; fileRef = DFC295D02AD0AB3E0074733A /* Biometrics.m */; };
		DFFFC5222AF05FEC00915846 /* Passage in Frameworks */ = {isa = PBXBuildFile; productRef = DFFFC5212AF05FEC00915846 /* Passage */; };
/* End PBXBuildFile section */

/* Begin PBXContainerItemProxy section */
		DF771ABA2AD0A60000AF810B /* PBXContainerItemProxy */ = {
			isa = PBXContainerItemProxy;
			containerPortal = DF1E0D282AD0720C0074133C /* Project object */;
			proxyType = 1;
			remoteGlobalIDString = DF1E0D2F2AD0720C0074133C;
			remoteInfo = "passage-ios-uitest-app";
		};
/* End PBXContainerItemProxy section */

/* Begin PBXFileReference section */
		DF1E0D302AD0720C0074133C /* passage-ios-uitest-app.app */ = {isa = PBXFileReference; explicitFileType = wrapper.application; includeInIndex = 0; path = "passage-ios-uitest-app.app"; sourceTree = BUILT_PRODUCTS_DIR; };
		DF1E0D332AD0720C0074133C /* passage_ios_uitest_appApp.swift */ = {isa = PBXFileReference; lastKnownFileType = sourcecode.swift; path = passage_ios_uitest_appApp.swift; sourceTree = "<group>"; };
		DF1E0D352AD0720C0074133C /* ContentView.swift */ = {isa = PBXFileReference; lastKnownFileType = sourcecode.swift; path = ContentView.swift; sourceTree = "<group>"; };
		DF1E0D372AD0720D0074133C /* Assets.xcassets */ = {isa = PBXFileReference; lastKnownFileType = folder.assetcatalog; path = Assets.xcassets; sourceTree = "<group>"; };
		DF1E0D392AD0720D0074133C /* passage_ios_uitest_app.entitlements */ = {isa = PBXFileReference; lastKnownFileType = text.plist.entitlements; path = passage_ios_uitest_app.entitlements; sourceTree = "<group>"; };
		DF1E0D3B2AD0720D0074133C /* Preview Assets.xcassets */ = {isa = PBXFileReference; lastKnownFileType = folder.assetcatalog; path = "Preview Assets.xcassets"; sourceTree = "<group>"; };
		DF771AAB2AD0789700AF810B /* Constants.swift */ = {isa = PBXFileReference; lastKnownFileType = sourcecode.swift; path = Constants.swift; sourceTree = "<group>"; };
		DF771AAD2AD0797C00AF810B /* Helpers.swift */ = {isa = PBXFileReference; lastKnownFileType = sourcecode.swift; path = Helpers.swift; sourceTree = "<group>"; };
		DF771AB42AD0A60000AF810B /* passage-ios-uitest-appUITests.xctest */ = {isa = PBXFileReference; explicitFileType = wrapper.cfbundle; includeInIndex = 0; path = "passage-ios-uitest-appUITests.xctest"; sourceTree = BUILT_PRODUCTS_DIR; };
		DF771AB62AD0A60000AF810B /* passage_ios_uitest_appUITests.swift */ = {isa = PBXFileReference; lastKnownFileType = sourcecode.swift; path = passage_ios_uitest_appUITests.swift; sourceTree = "<group>"; };
		DFC295CE2AD0AB3E0074733A /* passage-ios-uitest-appUITests-Bridging-Header.h */ = {isa = PBXFileReference; lastKnownFileType = sourcecode.c.h; path = "passage-ios-uitest-appUITests-Bridging-Header.h"; sourceTree = "<group>"; };
		DFC295CF2AD0AB3E0074733A /* Biometrics.h */ = {isa = PBXFileReference; fileEncoding = 4; lastKnownFileType = sourcecode.c.h; path = Biometrics.h; sourceTree = "<group>"; };
		DFC295D02AD0AB3E0074733A /* Biometrics.m */ = {isa = PBXFileReference; fileEncoding = 4; lastKnownFileType = sourcecode.c.objc; path = Biometrics.m; sourceTree = "<group>"; };
/* End PBXFileReference section */

/* Begin PBXFrameworksBuildPhase section */
		DF1E0D2D2AD0720C0074133C /* Frameworks */ = {
			isa = PBXFrameworksBuildPhase;
			buildActionMask = 2147483647;
			files = (
				DFFFC5222AF05FEC00915846 /* Passage in Frameworks */,
			);
			runOnlyForDeploymentPostprocessing = 0;
		};
		DF771AB12AD0A60000AF810B /* Frameworks */ = {
			isa = PBXFrameworksBuildPhase;
			buildActionMask = 2147483647;
			files = (
			);
			runOnlyForDeploymentPostprocessing = 0;
		};
/* End PBXFrameworksBuildPhase section */

/* Begin PBXGroup section */
		DF1E0D272AD0720C0074133C = {
			isa = PBXGroup;
			children = (
				DFC295CB2AD0A76B0074733A /* shared */,
				DF1E0D322AD0720C0074133C /* passage-ios-uitest-app */,
				DF771AB52AD0A60000AF810B /* passage-ios-uitest-appUITests */,
				DF1E0D312AD0720C0074133C /* Products */,
				DF771AA82AD075B400AF810B /* Frameworks */,
			);
			sourceTree = "<group>";
		};
		DF1E0D312AD0720C0074133C /* Products */ = {
			isa = PBXGroup;
			children = (
				DF1E0D302AD0720C0074133C /* passage-ios-uitest-app.app */,
				DF771AB42AD0A60000AF810B /* passage-ios-uitest-appUITests.xctest */,
			);
			name = Products;
			sourceTree = "<group>";
		};
		DF1E0D322AD0720C0074133C /* passage-ios-uitest-app */ = {
			isa = PBXGroup;
			children = (
				DF1E0D332AD0720C0074133C /* passage_ios_uitest_appApp.swift */,
				DF1E0D352AD0720C0074133C /* ContentView.swift */,
				DF1E0D372AD0720D0074133C /* Assets.xcassets */,
				DF1E0D392AD0720D0074133C /* passage_ios_uitest_app.entitlements */,
				DF1E0D3A2AD0720D0074133C /* Preview Content */,
			);
			path = "passage-ios-uitest-app";
			sourceTree = "<group>";
		};
		DF1E0D3A2AD0720D0074133C /* Preview Content */ = {
			isa = PBXGroup;
			children = (
				DF1E0D3B2AD0720D0074133C /* Preview Assets.xcassets */,
			);
			path = "Preview Content";
			sourceTree = "<group>";
		};
		DF771AA82AD075B400AF810B /* Frameworks */ = {
			isa = PBXGroup;
			children = (
			);
			name = Frameworks;
			sourceTree = "<group>";
		};
		DF771AB52AD0A60000AF810B /* passage-ios-uitest-appUITests */ = {
			isa = PBXGroup;
			children = (
				DF771AAD2AD0797C00AF810B /* Helpers.swift */,
				DF771AB62AD0A60000AF810B /* passage_ios_uitest_appUITests.swift */,
				DFC295CF2AD0AB3E0074733A /* Biometrics.h */,
				DFC295D02AD0AB3E0074733A /* Biometrics.m */,
				DFC295CE2AD0AB3E0074733A /* passage-ios-uitest-appUITests-Bridging-Header.h */,
			);
			path = "passage-ios-uitest-appUITests";
			sourceTree = "<group>";
		};
		DFC295CB2AD0A76B0074733A /* shared */ = {
			isa = PBXGroup;
			children = (
				DF771AAB2AD0789700AF810B /* Constants.swift */,
			);
			path = shared;
			sourceTree = "<group>";
		};
/* End PBXGroup section */

/* Begin PBXNativeTarget section */
		DF1E0D2F2AD0720C0074133C /* passage-ios-uitest-app */ = {
			isa = PBXNativeTarget;
			buildConfigurationList = DF1E0D3F2AD0720D0074133C /* Build configuration list for PBXNativeTarget "passage-ios-uitest-app" */;
			buildPhases = (
				DF1E0D2C2AD0720C0074133C /* Sources */,
				DF1E0D2D2AD0720C0074133C /* Frameworks */,
				DF1E0D2E2AD0720C0074133C /* Resources */,
			);
			buildRules = (
			);
			dependencies = (
			);
			name = "passage-ios-uitest-app";
			packageProductDependencies = (
				DFFFC5212AF05FEC00915846 /* Passage */,
			);
			productName = "passage-ios-uitest-app";
			productReference = DF1E0D302AD0720C0074133C /* passage-ios-uitest-app.app */;
			productType = "com.apple.product-type.application";
		};
		DF771AB32AD0A60000AF810B /* passage-ios-uitest-appUITests */ = {
			isa = PBXNativeTarget;
			buildConfigurationList = DF771ABC2AD0A60000AF810B /* Build configuration list for PBXNativeTarget "passage-ios-uitest-appUITests" */;
			buildPhases = (
				DF771AB02AD0A60000AF810B /* Sources */,
				DF771AB12AD0A60000AF810B /* Frameworks */,
				DF771AB22AD0A60000AF810B /* Resources */,
			);
			buildRules = (
			);
			dependencies = (
				DF771ABB2AD0A60000AF810B /* PBXTargetDependency */,
			);
			name = "passage-ios-uitest-appUITests";
			productName = "passage-ios-uitest-appUITests";
			productReference = DF771AB42AD0A60000AF810B /* passage-ios-uitest-appUITests.xctest */;
			productType = "com.apple.product-type.bundle.ui-testing";
		};
/* End PBXNativeTarget section */

/* Begin PBXProject section */
		DF1E0D282AD0720C0074133C /* Project object */ = {
			isa = PBXProject;
			attributes = {
				BuildIndependentTargetsInParallel = 1;
				LastSwiftUpdateCheck = 1500;
				LastUpgradeCheck = 1500;
				TargetAttributes = {
					DF1E0D2F2AD0720C0074133C = {
						CreatedOnToolsVersion = 15.0;
					};
					DF771AB32AD0A60000AF810B = {
						CreatedOnToolsVersion = 15.0;
						LastSwiftMigration = 1500;
						TestTargetID = DF1E0D2F2AD0720C0074133C;
					};
				};
			};
			buildConfigurationList = DF1E0D2B2AD0720C0074133C /* Build configuration list for PBXProject "passage-ios-uitest-app" */;
			compatibilityVersion = "Xcode 14.0";
			developmentRegion = en;
			hasScannedForEncodings = 0;
			knownRegions = (
				en,
				Base,
			);
			mainGroup = DF1E0D272AD0720C0074133C;
			packageReferences = (
				DFFFC5202AF05FEC00915846 /* XCRemoteSwiftPackageReference "passage-ios" */,
			);
			productRefGroup = DF1E0D312AD0720C0074133C /* Products */;
			projectDirPath = "";
			projectRoot = "";
			targets = (
				DF1E0D2F2AD0720C0074133C /* passage-ios-uitest-app */,
				DF771AB32AD0A60000AF810B /* passage-ios-uitest-appUITests */,
			);
		};
/* End PBXProject section */

/* Begin PBXResourcesBuildPhase section */
		DF1E0D2E2AD0720C0074133C /* Resources */ = {
			isa = PBXResourcesBuildPhase;
			buildActionMask = 2147483647;
			files = (
				DF1E0D3C2AD0720D0074133C /* Preview Assets.xcassets in Resources */,
				DF1E0D382AD0720D0074133C /* Assets.xcassets in Resources */,
			);
			runOnlyForDeploymentPostprocessing = 0;
		};
		DF771AB22AD0A60000AF810B /* Resources */ = {
			isa = PBXResourcesBuildPhase;
			buildActionMask = 2147483647;
			files = (
			);
			runOnlyForDeploymentPostprocessing = 0;
		};
/* End PBXResourcesBuildPhase section */

/* Begin PBXSourcesBuildPhase section */
		DF1E0D2C2AD0720C0074133C /* Sources */ = {
			isa = PBXSourcesBuildPhase;
			buildActionMask = 2147483647;
			files = (
				DF1E0D362AD0720C0074133C /* ContentView.swift in Sources */,
				DF1E0D342AD0720C0074133C /* passage_ios_uitest_appApp.swift in Sources */,
				DF771AAC2AD0789700AF810B /* Constants.swift in Sources */,
			);
			runOnlyForDeploymentPostprocessing = 0;
		};
		DF771AB02AD0A60000AF810B /* Sources */ = {
			isa = PBXSourcesBuildPhase;
			buildActionMask = 2147483647;
			files = (
				DF771AB72AD0A60000AF810B /* passage_ios_uitest_appUITests.swift in Sources */,
				DFC295D12AD0AB3E0074733A /* Biometrics.m in Sources */,
				DFC295CC2AD0A7840074733A /* Constants.swift in Sources */,
				DFC295CD2AD0A8420074733A /* Helpers.swift in Sources */,
			);
			runOnlyForDeploymentPostprocessing = 0;
		};
/* End PBXSourcesBuildPhase section */

/* Begin PBXTargetDependency section */
		DF771ABB2AD0A60000AF810B /* PBXTargetDependency */ = {
			isa = PBXTargetDependency;
			target = DF1E0D2F2AD0720C0074133C /* passage-ios-uitest-app */;
			targetProxy = DF771ABA2AD0A60000AF810B /* PBXContainerItemProxy */;
		};
/* End PBXTargetDependency section */

/* Begin XCBuildConfiguration section */
		DF1E0D3D2AD0720D0074133C /* Debug */ = {
			isa = XCBuildConfiguration;
			buildSettings = {
				ALWAYS_SEARCH_USER_PATHS = NO;
				ASSETCATALOG_COMPILER_GENERATE_SWIFT_ASSET_SYMBOL_EXTENSIONS = YES;
				CLANG_ANALYZER_NONNULL = YES;
				CLANG_ANALYZER_NUMBER_OBJECT_CONVERSION = YES_AGGRESSIVE;
				CLANG_CXX_LANGUAGE_STANDARD = "gnu++20";
				CLANG_ENABLE_MODULES = YES;
				CLANG_ENABLE_OBJC_ARC = YES;
				CLANG_ENABLE_OBJC_WEAK = YES;
				CLANG_WARN_BLOCK_CAPTURE_AUTORELEASING = YES;
				CLANG_WARN_BOOL_CONVERSION = YES;
				CLANG_WARN_COMMA = YES;
				CLANG_WARN_CONSTANT_CONVERSION = YES;
				CLANG_WARN_DEPRECATED_OBJC_IMPLEMENTATIONS = YES;
				CLANG_WARN_DIRECT_OBJC_ISA_USAGE = YES_ERROR;
				CLANG_WARN_DOCUMENTATION_COMMENTS = YES;
				CLANG_WARN_EMPTY_BODY = YES;
				CLANG_WARN_ENUM_CONVERSION = YES;
				CLANG_WARN_INFINITE_RECURSION = YES;
				CLANG_WARN_INT_CONVERSION = YES;
				CLANG_WARN_NON_LITERAL_NULL_CONVERSION = YES;
				CLANG_WARN_OBJC_IMPLICIT_RETAIN_SELF = YES;
				CLANG_WARN_OBJC_LITERAL_CONVERSION = YES;
				CLANG_WARN_OBJC_ROOT_CLASS = YES_ERROR;
				CLANG_WARN_QUOTED_INCLUDE_IN_FRAMEWORK_HEADER = YES;
				CLANG_WARN_RANGE_LOOP_ANALYSIS = YES;
				CLANG_WARN_STRICT_PROTOTYPES = YES;
				CLANG_WARN_SUSPICIOUS_MOVE = YES;
				CLANG_WARN_UNGUARDED_AVAILABILITY = YES_AGGRESSIVE;
				CLANG_WARN_UNREACHABLE_CODE = YES;
				CLANG_WARN__DUPLICATE_METHOD_MATCH = YES;
				COPY_PHASE_STRIP = NO;
				DEBUG_INFORMATION_FORMAT = dwarf;
				ENABLE_STRICT_OBJC_MSGSEND = YES;
				ENABLE_TESTABILITY = YES;
				ENABLE_USER_SCRIPT_SANDBOXING = YES;
				GCC_C_LANGUAGE_STANDARD = gnu17;
				GCC_DYNAMIC_NO_PIC = NO;
				GCC_NO_COMMON_BLOCKS = YES;
				GCC_OPTIMIZATION_LEVEL = 0;
				GCC_PREPROCESSOR_DEFINITIONS = (
					"DEBUG=1",
					"$(inherited)",
				);
				GCC_WARN_64_TO_32_BIT_CONVERSION = YES;
				GCC_WARN_ABOUT_RETURN_TYPE = YES_ERROR;
				GCC_WARN_UNDECLARED_SELECTOR = YES;
				GCC_WARN_UNINITIALIZED_AUTOS = YES_AGGRESSIVE;
				GCC_WARN_UNUSED_FUNCTION = YES;
				GCC_WARN_UNUSED_VARIABLE = YES;
				LOCALIZATION_PREFERS_STRING_CATALOGS = YES;
				MTL_ENABLE_DEBUG_INFO = INCLUDE_SOURCE;
				MTL_FAST_MATH = YES;
				ONLY_ACTIVE_ARCH = YES;
				SWIFT_ACTIVE_COMPILATION_CONDITIONS = "DEBUG $(inherited)";
				SWIFT_OPTIMIZATION_LEVEL = "-Onone";
			};
			name = Debug;
		};
		DF1E0D3E2AD0720D0074133C /* Release */ = {
			isa = XCBuildConfiguration;
			buildSettings = {
				ALWAYS_SEARCH_USER_PATHS = NO;
				ASSETCATALOG_COMPILER_GENERATE_SWIFT_ASSET_SYMBOL_EXTENSIONS = YES;
				CLANG_ANALYZER_NONNULL = YES;
				CLANG_ANALYZER_NUMBER_OBJECT_CONVERSION = YES_AGGRESSIVE;
				CLANG_CXX_LANGUAGE_STANDARD = "gnu++20";
				CLANG_ENABLE_MODULES = YES;
				CLANG_ENABLE_OBJC_ARC = YES;
				CLANG_ENABLE_OBJC_WEAK = YES;
				CLANG_WARN_BLOCK_CAPTURE_AUTORELEASING = YES;
				CLANG_WARN_BOOL_CONVERSION = YES;
				CLANG_WARN_COMMA = YES;
				CLANG_WARN_CONSTANT_CONVERSION = YES;
				CLANG_WARN_DEPRECATED_OBJC_IMPLEMENTATIONS = YES;
				CLANG_WARN_DIRECT_OBJC_ISA_USAGE = YES_ERROR;
				CLANG_WARN_DOCUMENTATION_COMMENTS = YES;
				CLANG_WARN_EMPTY_BODY = YES;
				CLANG_WARN_ENUM_CONVERSION = YES;
				CLANG_WARN_INFINITE_RECURSION = YES;
				CLANG_WARN_INT_CONVERSION = YES;
				CLANG_WARN_NON_LITERAL_NULL_CONVERSION = YES;
				CLANG_WARN_OBJC_IMPLICIT_RETAIN_SELF = YES;
				CLANG_WARN_OBJC_LITERAL_CONVERSION = YES;
				CLANG_WARN_OBJC_ROOT_CLASS = YES_ERROR;
				CLANG_WARN_QUOTED_INCLUDE_IN_FRAMEWORK_HEADER = YES;
				CLANG_WARN_RANGE_LOOP_ANALYSIS = YES;
				CLANG_WARN_STRICT_PROTOTYPES = YES;
				CLANG_WARN_SUSPICIOUS_MOVE = YES;
				CLANG_WARN_UNGUARDED_AVAILABILITY = YES_AGGRESSIVE;
				CLANG_WARN_UNREACHABLE_CODE = YES;
				CLANG_WARN__DUPLICATE_METHOD_MATCH = YES;
				COPY_PHASE_STRIP = NO;
				DEBUG_INFORMATION_FORMAT = "dwarf-with-dsym";
				ENABLE_NS_ASSERTIONS = NO;
				ENABLE_STRICT_OBJC_MSGSEND = YES;
				ENABLE_USER_SCRIPT_SANDBOXING = YES;
				GCC_C_LANGUAGE_STANDARD = gnu17;
				GCC_NO_COMMON_BLOCKS = YES;
				GCC_WARN_64_TO_32_BIT_CONVERSION = YES;
				GCC_WARN_ABOUT_RETURN_TYPE = YES_ERROR;
				GCC_WARN_UNDECLARED_SELECTOR = YES;
				GCC_WARN_UNINITIALIZED_AUTOS = YES_AGGRESSIVE;
				GCC_WARN_UNUSED_FUNCTION = YES;
				GCC_WARN_UNUSED_VARIABLE = YES;
				LOCALIZATION_PREFERS_STRING_CATALOGS = YES;
				MTL_ENABLE_DEBUG_INFO = NO;
				MTL_FAST_MATH = YES;
				SWIFT_COMPILATION_MODE = wholemodule;
			};
			name = Release;
		};
		DF1E0D402AD0720D0074133C /* Debug */ = {
			isa = XCBuildConfiguration;
			buildSettings = {
				ASSETCATALOG_COMPILER_APPICON_NAME = AppIcon;
				ASSETCATALOG_COMPILER_GLOBAL_ACCENT_COLOR_NAME = AccentColor;
				CODE_SIGN_ENTITLEMENTS = "passage-ios-uitest-app/passage_ios_uitest_app.entitlements";
				CODE_SIGN_STYLE = Automatic;
				CURRENT_PROJECT_VERSION = 1;
				DEVELOPMENT_ASSET_PATHS = "\"passage-ios-uitest-app/Preview Content\"";
				DEVELOPMENT_TEAM = LKQWMG6BWA;
				ENABLE_HARDENED_RUNTIME = YES;
				ENABLE_PREVIEWS = YES;
				GENERATE_INFOPLIST_FILE = YES;
				"INFOPLIST_KEY_UIApplicationSceneManifest_Generation[sdk=iphoneos*]" = YES;
				"INFOPLIST_KEY_UIApplicationSceneManifest_Generation[sdk=iphonesimulator*]" = YES;
				"INFOPLIST_KEY_UIApplicationSupportsIndirectInputEvents[sdk=iphoneos*]" = YES;
				"INFOPLIST_KEY_UIApplicationSupportsIndirectInputEvents[sdk=iphonesimulator*]" = YES;
				"INFOPLIST_KEY_UILaunchScreen_Generation[sdk=iphoneos*]" = YES;
				"INFOPLIST_KEY_UILaunchScreen_Generation[sdk=iphonesimulator*]" = YES;
				"INFOPLIST_KEY_UIStatusBarStyle[sdk=iphoneos*]" = UIStatusBarStyleDefault;
				"INFOPLIST_KEY_UIStatusBarStyle[sdk=iphonesimulator*]" = UIStatusBarStyleDefault;
				INFOPLIST_KEY_UISupportedInterfaceOrientations_iPad = "UIInterfaceOrientationPortrait UIInterfaceOrientationPortraitUpsideDown UIInterfaceOrientationLandscapeLeft UIInterfaceOrientationLandscapeRight";
				INFOPLIST_KEY_UISupportedInterfaceOrientations_iPhone = "UIInterfaceOrientationPortrait UIInterfaceOrientationLandscapeLeft UIInterfaceOrientationLandscapeRight";
				IPHONEOS_DEPLOYMENT_TARGET = 16.2;
				LD_RUNPATH_SEARCH_PATHS = "@executable_path/Frameworks";
				"LD_RUNPATH_SEARCH_PATHS[sdk=macosx*]" = "@executable_path/../Frameworks";
				MACOSX_DEPLOYMENT_TARGET = 13.6;
				MARKETING_VERSION = 1.0;
				PRODUCT_BUNDLE_IDENTIFIER = "id.passage.uat-test-app";
				PRODUCT_NAME = "$(TARGET_NAME)";
				SDKROOT = auto;
				SUPPORTED_PLATFORMS = "iphoneos iphonesimulator";
				SUPPORTS_MACCATALYST = NO;
				SWIFT_EMIT_LOC_STRINGS = YES;
				SWIFT_VERSION = 5.0;
				TARGETED_DEVICE_FAMILY = 1;
			};
			name = Debug;
		};
		DF1E0D412AD0720D0074133C /* Release */ = {
			isa = XCBuildConfiguration;
			buildSettings = {
				ASSETCATALOG_COMPILER_APPICON_NAME = AppIcon;
				ASSETCATALOG_COMPILER_GLOBAL_ACCENT_COLOR_NAME = AccentColor;
				CODE_SIGN_ENTITLEMENTS = "passage-ios-uitest-app/passage_ios_uitest_app.entitlements";
				CODE_SIGN_STYLE = Automatic;
				CURRENT_PROJECT_VERSION = 1;
				DEVELOPMENT_ASSET_PATHS = "\"passage-ios-uitest-app/Preview Content\"";
				DEVELOPMENT_TEAM = LKQWMG6BWA;
				ENABLE_HARDENED_RUNTIME = YES;
				ENABLE_PREVIEWS = YES;
				GENERATE_INFOPLIST_FILE = YES;
				"INFOPLIST_KEY_UIApplicationSceneManifest_Generation[sdk=iphoneos*]" = YES;
				"INFOPLIST_KEY_UIApplicationSceneManifest_Generation[sdk=iphonesimulator*]" = YES;
				"INFOPLIST_KEY_UIApplicationSupportsIndirectInputEvents[sdk=iphoneos*]" = YES;
				"INFOPLIST_KEY_UIApplicationSupportsIndirectInputEvents[sdk=iphonesimulator*]" = YES;
				"INFOPLIST_KEY_UILaunchScreen_Generation[sdk=iphoneos*]" = YES;
				"INFOPLIST_KEY_UILaunchScreen_Generation[sdk=iphonesimulator*]" = YES;
				"INFOPLIST_KEY_UIStatusBarStyle[sdk=iphoneos*]" = UIStatusBarStyleDefault;
				"INFOPLIST_KEY_UIStatusBarStyle[sdk=iphonesimulator*]" = UIStatusBarStyleDefault;
				INFOPLIST_KEY_UISupportedInterfaceOrientations_iPad = "UIInterfaceOrientationPortrait UIInterfaceOrientationPortraitUpsideDown UIInterfaceOrientationLandscapeLeft UIInterfaceOrientationLandscapeRight";
				INFOPLIST_KEY_UISupportedInterfaceOrientations_iPhone = "UIInterfaceOrientationPortrait UIInterfaceOrientationLandscapeLeft UIInterfaceOrientationLandscapeRight";
				IPHONEOS_DEPLOYMENT_TARGET = 16.2;
				LD_RUNPATH_SEARCH_PATHS = "@executable_path/Frameworks";
				"LD_RUNPATH_SEARCH_PATHS[sdk=macosx*]" = "@executable_path/../Frameworks";
				MACOSX_DEPLOYMENT_TARGET = 13.6;
				MARKETING_VERSION = 1.0;
				PRODUCT_BUNDLE_IDENTIFIER = "id.passage.uat-test-app";
				PRODUCT_NAME = "$(TARGET_NAME)";
				SDKROOT = auto;
				SUPPORTED_PLATFORMS = "iphoneos iphonesimulator";
				SUPPORTS_MACCATALYST = NO;
				SWIFT_EMIT_LOC_STRINGS = YES;
				SWIFT_VERSION = 5.0;
				TARGETED_DEVICE_FAMILY = 1;
			};
			name = Release;
		};
		DF771ABD2AD0A60000AF810B /* Debug */ = {
			isa = XCBuildConfiguration;
			buildSettings = {
				CLANG_ENABLE_MODULES = YES;
				CODE_SIGN_STYLE = Automatic;
				CURRENT_PROJECT_VERSION = 1;
				DEVELOPMENT_TEAM = LKQWMG6BWA;
				GENERATE_INFOPLIST_FILE = YES;
				IPHONEOS_DEPLOYMENT_TARGET = 16.0;
				MARKETING_VERSION = 1.0;
				PRODUCT_BUNDLE_IDENTIFIER = "id.passage.passage-ios-uitest-appUITests";
				PRODUCT_NAME = "$(TARGET_NAME)";
				SDKROOT = iphoneos;
				SUPPORTED_PLATFORMS = "iphoneos iphonesimulator";
				SUPPORTS_MACCATALYST = NO;
				SUPPORTS_MAC_DESIGNED_FOR_IPHONE_IPAD = NO;
				SWIFT_EMIT_LOC_STRINGS = NO;
				SWIFT_OBJC_BRIDGING_HEADER = "passage-ios-uitest-appUITests/passage-ios-uitest-appUITests-Bridging-Header.h";
				SWIFT_OPTIMIZATION_LEVEL = "-Onone";
				SWIFT_VERSION = 5.0;
				TARGETED_DEVICE_FAMILY = 1;
				TEST_TARGET_NAME = "passage-ios-uitest-app";
			};
			name = Debug;
		};
		DF771ABE2AD0A60000AF810B /* Release */ = {
			isa = XCBuildConfiguration;
			buildSettings = {
				CLANG_ENABLE_MODULES = YES;
				CODE_SIGN_STYLE = Automatic;
				CURRENT_PROJECT_VERSION = 1;
				DEVELOPMENT_TEAM = LKQWMG6BWA;
				GENERATE_INFOPLIST_FILE = YES;
				IPHONEOS_DEPLOYMENT_TARGET = 16.0;
				MARKETING_VERSION = 1.0;
				PRODUCT_BUNDLE_IDENTIFIER = "id.passage.passage-ios-uitest-appUITests";
				PRODUCT_NAME = "$(TARGET_NAME)";
				SDKROOT = iphoneos;
				SUPPORTED_PLATFORMS = "iphoneos iphonesimulator";
				SUPPORTS_MACCATALYST = NO;
				SUPPORTS_MAC_DESIGNED_FOR_IPHONE_IPAD = NO;
				SWIFT_EMIT_LOC_STRINGS = NO;
				SWIFT_OBJC_BRIDGING_HEADER = "passage-ios-uitest-appUITests/passage-ios-uitest-appUITests-Bridging-Header.h";
				SWIFT_VERSION = 5.0;
				TARGETED_DEVICE_FAMILY = 1;
				TEST_TARGET_NAME = "passage-ios-uitest-app";
				VALIDATE_PRODUCT = YES;
			};
			name = Release;
		};
/* End XCBuildConfiguration section */

/* Begin XCConfigurationList section */
		DF1E0D2B2AD0720C0074133C /* Build configuration list for PBXProject "passage-ios-uitest-app" */ = {
			isa = XCConfigurationList;
			buildConfigurations = (
				DF1E0D3D2AD0720D0074133C /* Debug */,
				DF1E0D3E2AD0720D0074133C /* Release */,
			);
			defaultConfigurationIsVisible = 0;
			defaultConfigurationName = Release;
		};
		DF1E0D3F2AD0720D0074133C /* Build configuration list for PBXNativeTarget "passage-ios-uitest-app" */ = {
			isa = XCConfigurationList;
			buildConfigurations = (
				DF1E0D402AD0720D0074133C /* Debug */,
				DF1E0D412AD0720D0074133C /* Release */,
			);
			defaultConfigurationIsVisible = 0;
			defaultConfigurationName = Release;
		};
		DF771ABC2AD0A60000AF810B /* Build configuration list for PBXNativeTarget "passage-ios-uitest-appUITests" */ = {
			isa = XCConfigurationList;
			buildConfigurations = (
				DF771ABD2AD0A60000AF810B /* Debug */,
				DF771ABE2AD0A60000AF810B /* Release */,
			);
			defaultConfigurationIsVisible = 0;
			defaultConfigurationName = Release;
		};
/* End XCConfigurationList section */

/* Begin XCRemoteSwiftPackageReference section */
		DFFFC5202AF05FEC00915846 /* XCRemoteSwiftPackageReference "passage-ios" */ = {
			isa = XCRemoteSwiftPackageReference;
			repositoryURL = "https://github.com/passageidentity/passage-ios";
			requirement = {
				kind = upToNextMajorVersion;
				minimumVersion = 1.2.0;
			};
		};
/* End XCRemoteSwiftPackageReference section */

/* Begin XCSwiftPackageProductDependency section */
		DFFFC5212AF05FEC00915846 /* Passage */ = {
			isa = XCSwiftPackageProductDependency;
			package = DFFFC5202AF05FEC00915846 /* XCRemoteSwiftPackageReference "passage-ios" */;
			productName = Passage;
		};
/* End XCSwiftPackageProductDependency section */
	};
	rootObject = DF1E0D282AD0720C0074133C /* Project object */;
}
